<?xml version="1.0" encoding="utf-8"?>
<Project ToolsVersion="4.0" xmlns="http://schemas.microsoft.com/developer/msbuild/2003">
  <ItemGroup>
    <Filter Include="소스 파일">
      <UniqueIdentifier>{4FC737F1-C7A5-4376-A066-2A32D752A2FF}</UniqueIdentifier>
      <Extensions>cpp;c;cc;cxx;c++;cppm;ixx;def;odl;idl;hpj;bat;asm;asmx</Extensions>
    </Filter>
    <Filter Include="리소스 파일">
      <UniqueIdentifier>{67DA6AB6-F800-4c08-8B7A-83BB121AAD01}</UniqueIdentifier>
      <Extensions>rc;ico;cur;bmp;dlg;rc2;rct;bin;rgs;gif;jpg;jpeg;jpe;resx;tiff;tif;png;wav;mfcribbon-ms</Extensions>
    </Filter>
    <Filter Include="헤더 파일">
      <UniqueIdentifier>{93995380-89BD-4b04-88EB-625FBE52EBFB}</UniqueIdentifier>
      <Extensions>h;hh;hpp;hxx;h++;hm;inl;inc;ipp;xsd</Extensions>
    </Filter>
    <Filter Include="Manager">
      <UniqueIdentifier>{83760e7e-458b-41f1-9fa8-0a9bd97fbbac}</UniqueIdentifier>
    </Filter>
    <Filter Include="Manager\InGame">
      <UniqueIdentifier>{57130fca-07ba-407b-8888-9e9cdc4ffe61}</UniqueIdentifier>
    </Filter>
    <Filter Include="Session">
      <UniqueIdentifier>{5a083dac-3950-4cfd-a64e-7aec6c754b8f}</UniqueIdentifier>
    </Filter>
    <Filter Include="Session\MapSession">
      <UniqueIdentifier>{d2a05129-94f7-4e60-be56-5b858031bb0e}</UniqueIdentifier>
    </Filter>
    <Filter Include="Session\Creature">
      <UniqueIdentifier>{ebb36e6e-0f41-4695-84e0-e3754048c512}</UniqueIdentifier>
    </Filter>
    <Filter Include="Session\Creature\Player">
      <UniqueIdentifier>{c4573c86-6b0c-4395-8ae0-9ecab4dc1e87}</UniqueIdentifier>
    </Filter>
    <Filter Include="Session\Creature\NPC">
      <UniqueIdentifier>{a09ef625-3d95-4917-abd9-2ac95d21e8d6}</UniqueIdentifier>
    </Filter>
    <Filter Include="Session\Creature\NPC\NpcType">
      <UniqueIdentifier>{6065901d-acdf-4f9a-8363-b8e94c98fba8}</UniqueIdentifier>
    </Filter>
  </ItemGroup>
  <ItemGroup>
    <ClCompile Include="main.cpp">
      <Filter>소스 파일</Filter>
    </ClCompile>
    <ClCompile Include="stdafx.cpp">
      <Filter>소스 파일</Filter>
    </ClCompile>
    <ClCompile Include="Timer.cpp">
      <Filter>소스 파일</Filter>
    </ClCompile>
    <ClCompile Include="PlayerSession.cpp">
      <Filter>Session\Creature\Player</Filter>
    </ClCompile>
    <ClCompile Include="PlayerSocketHandler.cpp">
      <Filter>Session\Creature\Player</Filter>
    </ClCompile>
    <ClCompile Include="Manager.cpp">
      <Filter>Manager</Filter>
    </ClCompile>
    <ClCompile Include="NetworkManager.cpp">
      <Filter>Manager</Filter>
    </ClCompile>
    <ClCompile Include="Creature.cpp">
      <Filter>Session\Creature</Filter>
    </ClCompile>
    <ClCompile Include="GameManager.cpp">
      <Filter>Manager\InGame</Filter>
    </ClCompile>
    <ClCompile Include="MapSession.cpp">
      <Filter>Session\MapSession</Filter>
    </ClCompile>
    <ClCompile Include="Tile.cpp">
      <Filter>Session\MapSession</Filter>
    </ClCompile>
    <ClCompile Include="DataBaseManager.cpp">
      <Filter>Manager</Filter>
    </ClCompile>
    <ClCompile Include="NpcSession.cpp">
      <Filter>Session\Creature\NPC</Filter>
    </ClCompile>
    <ClCompile Include="AgroNpc.cpp">
      <Filter>Session\Creature\NPC\NpcType</Filter>
    </ClCompile>
    <ClCompile Include="NormalNpc.cpp">
      <Filter>Session\Creature\NPC\NpcType</Filter>
    </ClCompile>
  </ItemGroup>
  <ItemGroup>
    <ClInclude Include="stdafx.h">
      <Filter>헤더 파일</Filter>
    </ClInclude>
    <ClInclude Include="Timer.h">
      <Filter>헤더 파일</Filter>
    </ClInclude>
    <ClInclude Include="protocol_2023.h" />
    <ClInclude Include="PlayerSocketHandler.h">
      <Filter>Session\Creature\Player</Filter>
    </ClInclude>
    <ClInclude Include="PlayerSession.h">
      <Filter>Session\Creature\Player</Filter>
    </ClInclude>
    <ClInclude Include="Manager.h">
      <Filter>Manager</Filter>
    </ClInclude>
    <ClInclude Include="NetworkManager.h">
      <Filter>Manager</Filter>
    </ClInclude>
    <ClInclude Include="Creature.h">
      <Filter>Session\Creature</Filter>
    </ClInclude>
    <ClInclude Include="GameManager.h">
      <Filter>Manager\InGame</Filter>
    </ClInclude>
    <ClInclude Include="MapSession.h">
      <Filter>Session\MapSession</Filter>
    </ClInclude>
    <ClInclude Include="Tile.h">
      <Filter>Session\MapSession</Filter>
    </ClInclude>
    <ClInclude Include="DataBaseManager.h">
      <Filter>Manager</Filter>
    </ClInclude>
    <ClInclude Include="NpcSession.h">
      <Filter>Session\Creature\NPC</Filter>
    </ClInclude>
    <ClInclude Include="AgroNpc.h">
      <Filter>Session\Creature\NPC\NpcType</Filter>
    </ClInclude>
    <ClInclude Include="NormalNpc.h">
      <Filter>Session\Creature\NPC\NpcType</Filter>
    </ClInclude>
  </ItemGroup>
  <ItemGroup>
    <Library Include="lua54.lib">
      <Filter>리소스 파일</Filter>
    </Library>
  </ItemGroup>
  <ItemGroup>
    <None Include="npc.lua">
      <Filter>리소스 파일</Filter>
    </None>
  </ItemGroup>
</Project>